
Microsoft Visual Studio Solution File, Format Version 12.00
# Visual Studio 14
VisualStudioVersion = 14.0.25420.1
MinimumVisualStudioVersion = 10.0.40219.1
Project("{2150E333-8FDC-42A3-9474-1A3956D46DE8}") = "WEB", "WEB", "{3A265BDD-3DFF-49F6-AABC-1BAF42C5394B}"
EndProject
Project("{2150E333-8FDC-42A3-9474-1A3956D46DE8}") = "Infrastructure", "Infrastructure", "{9BA41719-C21C-4C55-8662-61CFCA837CE2}"
EndProject
Project("{FAE04EC0-301F-11D3-BF4B-00C04F79EFBC}") = "App.DataModels", "Infrastructure\App.DataModels\App.DataModels.csproj", "{BCB83930-C305-4BD1-9F83-E0C2DA75F11D}"
EndProject
Project("{FAE04EC0-301F-11D3-BF4B-00C04F79EFBC}") = "App.ModuleRegistration", "Infrastructure\App.ModuleRegistration\App.ModuleRegistration.csproj", "{49479977-5D0C-4EA6-8D08-34F5072A047A}"
EndProject
Project("{2150E333-8FDC-42A3-9474-1A3956D46DE8}") = "AppLayers", "AppLayers", "{EA326B52-6CA1-4F9C-86B9-21EC8AD6ECDA}"
EndProject
Project("{8BB2217D-0F2D-49D1-97BC-3654ED321F3B}") = "App.Api", "WEB\App.Api\App.Api.xproj", "{25BF0131-3FA3-415A-9223-2645959F01D2}"
EndProject
Project("{FAE04EC0-301F-11D3-BF4B-00C04F79EFBC}") = "App.Interfaces", "Infrastructure\App.Interfaces\App.Interfaces.csproj", "{75707FFE-AA3D-4775-A5E6-F28B71FF0B50}"
EndProject
Project("{FAE04EC0-301F-11D3-BF4B-00C04F79EFBC}") = "App.Repositories", "AppLayers\App.Repositories\App.Repositories.csproj", "{4ACC95AF-4E7B-4EDD-BB82-526A98FE42BE}"
EndProject
Project("{FAE04EC0-301F-11D3-BF4B-00C04F79EFBC}") = "App.Data", "AppLayers\App.Data\App.Data.csproj", "{DCDBA12C-F717-41F4-BFDD-BAA277E6DD1B}"
EndProject
Project("{FAE04EC0-301F-11D3-BF4B-00C04F79EFBC}") = "App.Business", "AppLayers\App.Business\App.Business.csproj", "{FB806CF4-9F0C-4BCF-94D4-9E06182E2A04}"
EndProject
Project("{2150E333-8FDC-42A3-9474-1A3956D46DE8}") = "_Tests", "_Tests", "{A26912E5-1F1D-4270-9B3B-30815230AC8D}"
EndProject
Project("{FAE04EC0-301F-11D3-BF4B-00C04F79EFBC}") = "App.Business.Tests", "_Tests\App.Business.Tests\App.Business.Tests.csproj", "{EE7A55B6-895F-4FED-9D97-1792C1F6F385}"
EndProject
Global
	GlobalSection(SolutionConfigurationPlatforms) = preSolution
		Debug|Any CPU = Debug|Any CPU
		Release|Any CPU = Release|Any CPU
	EndGlobalSection
	GlobalSection(ProjectConfigurationPlatforms) = postSolution
		{BCB83930-C305-4BD1-9F83-E0C2DA75F11D}.Debug|Any CPU.ActiveCfg = Debug|Any CPU
		{BCB83930-C305-4BD1-9F83-E0C2DA75F11D}.Debug|Any CPU.Build.0 = Debug|Any CPU
		{BCB83930-C305-4BD1-9F83-E0C2DA75F11D}.Release|Any CPU.ActiveCfg = Release|Any CPU
		{BCB83930-C305-4BD1-9F83-E0C2DA75F11D}.Release|Any CPU.Build.0 = Release|Any CPU
		{49479977-5D0C-4EA6-8D08-34F5072A047A}.Debug|Any CPU.ActiveCfg = Debug|Any CPU
		{49479977-5D0C-4EA6-8D08-34F5072A047A}.Debug|Any CPU.Build.0 = Debug|Any CPU
		{49479977-5D0C-4EA6-8D08-34F5072A047A}.Release|Any CPU.ActiveCfg = Release|Any CPU
		{49479977-5D0C-4EA6-8D08-34F5072A047A}.Release|Any CPU.Build.0 = Release|Any CPU
		{25BF0131-3FA3-415A-9223-2645959F01D2}.Debug|Any CPU.ActiveCfg = Debug|Any CPU
		{25BF0131-3FA3-415A-9223-2645959F01D2}.Debug|Any CPU.Build.0 = Debug|Any CPU
		{25BF0131-3FA3-415A-9223-2645959F01D2}.Release|Any CPU.ActiveCfg = Release|Any CPU
		{25BF0131-3FA3-415A-9223-2645959F01D2}.Release|Any CPU.Build.0 = Release|Any CPU
		{75707FFE-AA3D-4775-A5E6-F28B71FF0B50}.Debug|Any CPU.ActiveCfg = Debug|Any CPU
		{75707FFE-AA3D-4775-A5E6-F28B71FF0B50}.Debug|Any CPU.Build.0 = Debug|Any CPU
		{75707FFE-AA3D-4775-A5E6-F28B71FF0B50}.Release|Any CPU.ActiveCfg = Release|Any CPU
		{75707FFE-AA3D-4775-A5E6-F28B71FF0B50}.Release|Any CPU.Build.0 = Release|Any CPU
		{4ACC95AF-4E7B-4EDD-BB82-526A98FE42BE}.Debug|Any CPU.ActiveCfg = Debug|Any CPU
		{4ACC95AF-4E7B-4EDD-BB82-526A98FE42BE}.Debug|Any CPU.Build.0 = Debug|Any CPU
		{4ACC95AF-4E7B-4EDD-BB82-526A98FE42BE}.Release|Any CPU.ActiveCfg = Release|Any CPU
		{4ACC95AF-4E7B-4EDD-BB82-526A98FE42BE}.Release|Any CPU.Build.0 = Release|Any CPU
		{DCDBA12C-F717-41F4-BFDD-BAA277E6DD1B}.Debug|Any CPU.ActiveCfg = Debug|Any CPU
		{DCDBA12C-F717-41F4-BFDD-BAA277E6DD1B}.Debug|Any CPU.Build.0 = Debug|Any CPU
		{DCDBA12C-F717-41F4-BFDD-BAA277E6DD1B}.Release|Any CPU.ActiveCfg = Release|Any CPU
		{DCDBA12C-F717-41F4-BFDD-BAA277E6DD1B}.Release|Any CPU.Build.0 = Release|Any CPU
		{FB806CF4-9F0C-4BCF-94D4-9E06182E2A04}.Debug|Any CPU.ActiveCfg = Debug|Any CPU
		{FB806CF4-9F0C-4BCF-94D4-9E06182E2A04}.Debug|Any CPU.Build.0 = Debug|Any CPU
		{FB806CF4-9F0C-4BCF-94D4-9E06182E2A04}.Release|Any CPU.ActiveCfg = Release|Any CPU
		{FB806CF4-9F0C-4BCF-94D4-9E06182E2A04}.Release|Any CPU.Build.0 = Release|Any CPU
		{EE7A55B6-895F-4FED-9D97-1792C1F6F385}.Debug|Any CPU.ActiveCfg = Debug|Any CPU
		{EE7A55B6-895F-4FED-9D97-1792C1F6F385}.Debug|Any CPU.Build.0 = Debug|Any CPU
		{EE7A55B6-895F-4FED-9D97-1792C1F6F385}.Release|Any CPU.ActiveCfg = Release|Any CPU
		{EE7A55B6-895F-4FED-9D97-1792C1F6F385}.Release|Any CPU.Build.0 = Release|Any CPU
	EndGlobalSection
	GlobalSection(SolutionProperties) = preSolution
		HideSolutionNode = FALSE
	EndGlobalSection
	GlobalSection(NestedProjects) = preSolution
		{BCB83930-C305-4BD1-9F83-E0C2DA75F11D} = {9BA41719-C21C-4C55-8662-61CFCA837CE2}
		{49479977-5D0C-4EA6-8D08-34F5072A047A} = {9BA41719-C21C-4C55-8662-61CFCA837CE2}
		{25BF0131-3FA3-415A-9223-2645959F01D2} = {3A265BDD-3DFF-49F6-AABC-1BAF42C5394B}
		{75707FFE-AA3D-4775-A5E6-F28B71FF0B50} = {9BA41719-C21C-4C55-8662-61CFCA837CE2}
		{4ACC95AF-4E7B-4EDD-BB82-526A98FE42BE} = {EA326B52-6CA1-4F9C-86B9-21EC8AD6ECDA}
		{DCDBA12C-F717-41F4-BFDD-BAA277E6DD1B} = {EA326B52-6CA1-4F9C-86B9-21EC8AD6ECDA}
		{FB806CF4-9F0C-4BCF-94D4-9E06182E2A04} = {EA326B52-6CA1-4F9C-86B9-21EC8AD6ECDA}
		{EE7A55B6-895F-4FED-9D97-1792C1F6F385} = {A26912E5-1F1D-4270-9B3B-30815230AC8D}
	EndGlobalSection
EndGlobal
